
Microsoft Visual Studio Solution File, Format Version 12.00
# Visual Studio Version 17
VisualStudioVersion = 17.13.35931.197 d17.13
MinimumVisualStudioVersion = 10.0.40219.1
Project("{FAE04EC0-301F-11D3-BF4B-00C04F79EFBC}") = "ZdravstveniSistem", "ZdravstveniSistem\ZdravstveniSistem.csproj", "{1C5D47ED-0D03-4569-BC71-844C3CD61F4E}"
EndProject
Global
	GlobalSection(SolutionConfigurationPlatforms) = preSolution
		Debug|Any CPU = Debug|Any CPU
		Release|Any CPU = Release|Any CPU
	EndGlobalSection
	GlobalSection(ProjectConfigurationPlatforms) = postSolution
		{1C5D47ED-0D03-4569-BC71-844C3CD61F4E}.Debug|Any CPU.ActiveCfg = Debug|Any CPU
		{1C5D47ED-0D03-4569-BC71-844C3CD61F4E}.Debug|Any CPU.Build.0 = Debug|Any CPU
		{1C5D47ED-0D03-4569-BC71-844C3CD61F4E}.Release|Any CPU.ActiveCfg = Release|Any CPU
		{1C5D47ED-0D03-4569-BC71-844C3CD61F4E}.Release|Any CPU.Build.0 = Release|Any CPU
	EndGlobalSection
	GlobalSection(SolutionProperties) = preSolution
		HideSolutionNode = FALSE
	EndGlobalSection
	GlobalSection(ExtensibilityGlobals) = postSolution
		SolutionGuid = {81DEF3C6-A58D-420E-8B14-54C68D0E5F4F}
	EndGlobalSection
EndGlobal
